
Microsoft Visual Studio Solution File, Format Version 12.00
# Visual Studio Version 16
VisualStudioVersion = 16.0.31019.35
MinimumVisualStudioVersion = 10.0.40219.1
Project("{FAE04EC0-301F-11D3-BF4B-00C04F79EFBC}") = "SweepStakesProject", "SweepStakesProject.csproj", "{AD4EE320-716C-46C0-84E0-9F34BEC73A6F}"
EndProject
Global
	GlobalSection(SolutionConfigurationPlatforms) = preSolution
		Debug|Any CPU = Debug|Any CPU
		Release|Any CPU = Release|Any CPU
	EndGlobalSection
	GlobalSection(ProjectConfigurationPlatforms) = postSolution
		{AD4EE320-716C-46C0-84E0-9F34BEC73A6F}.Debug|Any CPU.ActiveCfg = Debug|Any CPU
		{AD4EE320-716C-46C0-84E0-9F34BEC73A6F}.Debug|Any CPU.Build.0 = Debug|Any CPU
		{AD4EE320-716C-46C0-84E0-9F34BEC73A6F}.Release|Any CPU.ActiveCfg = Release|Any CPU
		{AD4EE320-716C-46C0-84E0-9F34BEC73A6F}.Release|Any CPU.Build.0 = Release|Any CPU
	EndGlobalSection
	GlobalSection(SolutionProperties) = preSolution
		HideSolutionNode = FALSE
	EndGlobalSection
	GlobalSection(ExtensibilityGlobals) = postSolution
		SolutionGuid = {27C734DE-3458-431B-B11A-28D0E6708933}
	EndGlobalSection
EndGlobal
